
Microsoft Visual Studio Solution File, Format Version 12.00
# Visual Studio 15
VisualStudioVersion = 15.0.27703.2042
MinimumVisualStudioVersion = 10.0.40219.1
Project("{FAE04EC0-301F-11D3-BF4B-00C04F79EFBC}") = "Comp02_NetAssembly", "Comp02_NetAssembly.csproj", "{9EE370DD-80FA-4112-8F39-B608EF8D0D2D}"
EndProject
Global
	GlobalSection(SolutionConfigurationPlatforms) = preSolution
		Debug|Any CPU = Debug|Any CPU
		Release|Any CPU = Release|Any CPU
	EndGlobalSection
	GlobalSection(ProjectConfigurationPlatforms) = postSolution
		{9EE370DD-80FA-4112-8F39-B608EF8D0D2D}.Debug|Any CPU.ActiveCfg = Debug|Any CPU
		{9EE370DD-80FA-4112-8F39-B608EF8D0D2D}.Debug|Any CPU.Build.0 = Debug|Any CPU
		{9EE370DD-80FA-4112-8F39-B608EF8D0D2D}.Release|Any CPU.ActiveCfg = Release|Any CPU
		{9EE370DD-80FA-4112-8F39-B608EF8D0D2D}.Release|Any CPU.Build.0 = Release|Any CPU
	EndGlobalSection
	GlobalSection(SolutionProperties) = preSolution
		HideSolutionNode = FALSE
	EndGlobalSection
	GlobalSection(ExtensibilityGlobals) = postSolution
		SolutionGuid = {1A954F18-E7D6-4EEA-83B4-3DDBA10EECD5}
	EndGlobalSection
EndGlobal
